// !$*UTF8*$!
{
	archiveVersion = 1;
	classes = {
	};
	objectVersion = 56;
	objects = {

/* Begin PBXBuildFile section */
		AA0000000000000000000001 /* MacTimerApp.swift in Sources */ = {isa = PBXBuildFile; fileRef = AA0000000000000000000101 /* MacTimerApp.swift */; };
		AA0000000000000000000002 /* AppDelegate.swift in Sources */ = {isa = PBXBuildFile; fileRef = AA0000000000000000000102 /* AppDelegate.swift */; };
		AA0000000000000000000003 /* Assets.xcassets in Resources */ = {isa = PBXBuildFile; fileRef = AA0000000000000000000103 /* Assets.xcassets */; };
		AA0000000000000000000004 /* MacTimer.xcdatamodeld in Sources */ = {isa = PBXBuildFile; fileRef = AA0000000000000000000104 /* MacTimer.xcdatamodeld */; };
		AA0000000000000000000005 /* MacTimerTests.swift in Sources */ = {isa = PBXBuildFile; fileRef = AA0000000000000000000105 /* MacTimerTests.swift */; };
		AA0000000000000000000006 /* MacTimerUITests.swift in Sources */ = {isa = PBXBuildFile; fileRef = AA0000000000000000000106 /* MacTimerUITests.swift */; };
		AA0000000000000000000007 /* TaskType.swift in Sources */ = {isa = PBXBuildFile; fileRef = AA0000000000000000000108 /* TaskType.swift */; };
		AA0000000000000000000008 /* Schedule.swift in Sources */ = {isa = PBXBuildFile; fileRef = AA0000000000000000000109 /* Schedule.swift */; };
		AA0000000000000000000009 /* ModelTests.swift in Sources */ = {isa = PBXBuildFile; fileRef = AA000000000000000000010A /* ModelTests.swift */; };
		AA000000000000000000000A /* PersistenceController.swift in Sources */ = {isa = PBXBuildFile; fileRef = AA000000000000000000010B /* PersistenceController.swift */; };
		AA000000000000000000000B /* TaskItem+Extensions.swift in Sources */ = {isa = PBXBuildFile; fileRef = AA000000000000000000010C /* TaskItem+Extensions.swift */; };
		AA000000000000000000000C /* ExecutionLogItem+Extensions.swift in Sources */ = {isa = PBXBuildFile; fileRef = AA000000000000000000010D /* ExecutionLogItem+Extensions.swift */; };
		AA000000000000000000000D /* ScheduleCalculator.swift in Sources */ = {isa = PBXBuildFile; fileRef = AA000000000000000000010E /* ScheduleCalculator.swift */; };
		AA000000000000000000000E /* ScheduleCalculatorTests.swift in Sources */ = {isa = PBXBuildFile; fileRef = AA000000000000000000010F /* ScheduleCalculatorTests.swift */; };
		BB000000000000000000000F /* NotificationService.swift in Sources */ = {isa = PBXBuildFile; fileRef = BB0000000000000000000110 /* NotificationService.swift */; };
		BB0000000000000000000010 /* NotificationServiceTests.swift in Sources */ = {isa = PBXBuildFile; fileRef = BB0000000000000000000111 /* NotificationServiceTests.swift */; };
		CC0000000000000000000011 /* TaskExecutor.swift in Sources */ = {isa = PBXBuildFile; fileRef = CC0000000000000000000112 /* TaskExecutor.swift */; };
		CC0000000000000000000012 /* TaskExecutorTests.swift in Sources */ = {isa = PBXBuildFile; fileRef = CC0000000000000000000113 /* TaskExecutorTests.swift */; };
		DD0000000000000000000013 /* SchedulerService.swift in Sources */ = {isa = PBXBuildFile; fileRef = DD0000000000000000000114 /* SchedulerService.swift */; };
		DD0000000000000000000014 /* SchedulerServiceTests.swift in Sources */ = {isa = PBXBuildFile; fileRef = DD0000000000000000000115 /* SchedulerServiceTests.swift */; };
		EE0000000000000000000015 /* MenuBarController.swift in Sources */ = {isa = PBXBuildFile; fileRef = EE0000000000000000000116 /* MenuBarController.swift */; };
		EE0000000000000000000016 /* MenuBarView.swift in Sources */ = {isa = PBXBuildFile; fileRef = EE0000000000000000000117 /* MenuBarView.swift */; };
		FF00000000000000000000A1 /* MainWindowView.swift in Sources */ = {isa = PBXBuildFile; fileRef = FF00000000000000000000B1 /* MainWindowView.swift */; };
		FF00000000000000000000A2 /* TaskListView.swift in Sources */ = {isa = PBXBuildFile; fileRef = FF00000000000000000000B2 /* TaskListView.swift */; };
/* End PBXBuildFile section */

/* Begin PBXFileReference section */
		AA0000000000000000000101 /* MacTimerApp.swift */ = {isa = PBXFileReference; lastKnownFileType = sourcecode.swift; path = MacTimerApp.swift; sourceTree = "<group>"; };
		AA0000000000000000000102 /* AppDelegate.swift */ = {isa = PBXFileReference; lastKnownFileType = sourcecode.swift; path = AppDelegate.swift; sourceTree = "<group>"; };
		AA0000000000000000000103 /* Assets.xcassets */ = {isa = PBXFileReference; lastKnownFileType = folder.assetcatalog; path = Assets.xcassets; sourceTree = "<group>"; };
		AA0000000000000000000104 /* MacTimer.xcdatamodeld */ = {isa = PBXFileReference; lastKnownFileType = wrapper.xcdatamodel; path = MacTimer.xcdatamodeld; sourceTree = "<group>"; };
		AA0000000000000000000105 /* MacTimerTests.swift */ = {isa = PBXFileReference; lastKnownFileType = sourcecode.swift; path = MacTimerTests.swift; sourceTree = "<group>"; };
		AA0000000000000000000106 /* MacTimerUITests.swift */ = {isa = PBXFileReference; lastKnownFileType = sourcecode.swift; path = MacTimerUITests.swift; sourceTree = "<group>"; };
		AA0000000000000000000107 /* Info.plist */ = {isa = PBXFileReference; lastKnownFileType = text.plist.xml; path = Info.plist; sourceTree = "<group>"; };
		AA0000000000000000000108 /* TaskType.swift */ = {isa = PBXFileReference; lastKnownFileType = sourcecode.swift; path = TaskType.swift; sourceTree = "<group>"; };
		AA0000000000000000000109 /* Schedule.swift */ = {isa = PBXFileReference; lastKnownFileType = sourcecode.swift; path = Schedule.swift; sourceTree = "<group>"; };
		AA000000000000000000010A /* ModelTests.swift */ = {isa = PBXFileReference; lastKnownFileType = sourcecode.swift; path = ModelTests.swift; sourceTree = "<group>"; };
		AA000000000000000000010B /* PersistenceController.swift */ = {isa = PBXFileReference; lastKnownFileType = sourcecode.swift; path = PersistenceController.swift; sourceTree = "<group>"; };
		AA000000000000000000010C /* TaskItem+Extensions.swift */ = {isa = PBXFileReference; lastKnownFileType = sourcecode.swift; path = "TaskItem+Extensions.swift"; sourceTree = "<group>"; };
		AA000000000000000000010D /* ExecutionLogItem+Extensions.swift */ = {isa = PBXFileReference; lastKnownFileType = sourcecode.swift; path = "ExecutionLogItem+Extensions.swift"; sourceTree = "<group>"; };
		AA000000000000000000010E /* ScheduleCalculator.swift */ = {isa = PBXFileReference; lastKnownFileType = sourcecode.swift; path = ScheduleCalculator.swift; sourceTree = "<group>"; };
		AA000000000000000000010F /* ScheduleCalculatorTests.swift */ = {isa = PBXFileReference; lastKnownFileType = sourcecode.swift; path = ScheduleCalculatorTests.swift; sourceTree = "<group>"; };
		BB0000000000000000000110 /* NotificationService.swift */ = {isa = PBXFileReference; lastKnownFileType = sourcecode.swift; path = NotificationService.swift; sourceTree = "<group>"; };
		BB0000000000000000000111 /* NotificationServiceTests.swift */ = {isa = PBXFileReference; lastKnownFileType = sourcecode.swift; path = NotificationServiceTests.swift; sourceTree = "<group>"; };
		CC0000000000000000000112 /* TaskExecutor.swift */ = {isa = PBXFileReference; lastKnownFileType = sourcecode.swift; path = TaskExecutor.swift; sourceTree = "<group>"; };
		CC0000000000000000000113 /* TaskExecutorTests.swift */ = {isa = PBXFileReference; lastKnownFileType = sourcecode.swift; path = TaskExecutorTests.swift; sourceTree = "<group>"; };
		DD0000000000000000000114 /* SchedulerService.swift */ = {isa = PBXFileReference; lastKnownFileType = sourcecode.swift; path = SchedulerService.swift; sourceTree = "<group>"; };
		DD0000000000000000000115 /* SchedulerServiceTests.swift */ = {isa = PBXFileReference; lastKnownFileType = sourcecode.swift; path = SchedulerServiceTests.swift; sourceTree = "<group>"; };
		EE0000000000000000000116 /* MenuBarController.swift */ = {isa = PBXFileReference; lastKnownFileType = sourcecode.swift; path = MenuBarController.swift; sourceTree = "<group>"; };
		EE0000000000000000000117 /* MenuBarView.swift */ = {isa = PBXFileReference; lastKnownFileType = sourcecode.swift; path = MenuBarView.swift; sourceTree = "<group>"; };
		FF00000000000000000000B1 /* MainWindowView.swift */ = {isa = PBXFileReference; lastKnownFileType = sourcecode.swift; path = MainWindowView.swift; sourceTree = "<group>"; };
		FF00000000000000000000B2 /* TaskListView.swift */ = {isa = PBXFileReference; lastKnownFileType = sourcecode.swift; path = TaskListView.swift; sourceTree = "<group>"; };
		AA00000000000000000000A1 /* MacTimer.app */ = {isa = PBXFileReference; explicitFileType = wrapper.application; includeInIndex = 0; path = MacTimer.app; sourceTree = BUILT_PRODUCTS_DIR; };
		AA00000000000000000000A2 /* MacTimerTests.xctest */ = {isa = PBXFileReference; explicitFileType = wrapper.cfbundle; includeInIndex = 0; path = MacTimerTests.xctest; sourceTree = BUILT_PRODUCTS_DIR; };
		AA00000000000000000000A3 /* MacTimerUITests.xctest */ = {isa = PBXFileReference; explicitFileType = wrapper.cfbundle; includeInIndex = 0; path = MacTimerUITests.xctest; sourceTree = BUILT_PRODUCTS_DIR; };
/* End PBXFileReference section */

/* Begin PBXFrameworksBuildPhase section */
		AA00000000000000000000B1 /* Frameworks (App) */ = {
			isa = PBXFrameworksBuildPhase;
			buildActionMask = 2147483647;
			files = (
			);
			runOnlyForDeploymentPostprocessing = 0;
		};
		AA00000000000000000000B2 /* Frameworks (Tests) */ = {
			isa = PBXFrameworksBuildPhase;
			buildActionMask = 2147483647;
			files = (
			);
			runOnlyForDeploymentPostprocessing = 0;
		};
		AA00000000000000000000B3 /* Frameworks (UITests) */ = {
			isa = PBXFrameworksBuildPhase;
			buildActionMask = 2147483647;
			files = (
			);
			runOnlyForDeploymentPostprocessing = 0;
		};
/* End PBXFrameworksBuildPhase section */

/* Begin PBXGroup section */
		AA00000000000000000000C0 /* root */ = {
			isa = PBXGroup;
			children = (
				AA00000000000000000000C1 /* MacTimer */,
				AA00000000000000000000C2 /* MacTimerTests */,
				AA00000000000000000000C3 /* MacTimerUITests */,
				AA00000000000000000000C4 /* Products */,
			);
			sourceTree = "<group>";
		};
		AA00000000000000000000C1 /* MacTimer */ = {
			isa = PBXGroup;
			children = (
				AA0000000000000000000101 /* MacTimerApp.swift */,
				AA0000000000000000000102 /* AppDelegate.swift */,
				AA0000000000000000000103 /* Assets.xcassets */,
				AA0000000000000000000104 /* MacTimer.xcdatamodeld */,
				AA0000000000000000000107 /* Info.plist */,
				AA00000000000000000000C5 /* Models */,
		AA00000000000000000000C6 /* Persistence */,
			AA00000000000000000000C7 /* Services */,
			EE000000000000000000AA01 /* UI */,
		);
		path = MacTimer;
			sourceTree = "<group>";
		};
		AA00000000000000000000C2 /* MacTimerTests */ = {
			isa = PBXGroup;
			children = (
				AA0000000000000000000105 /* MacTimerTests.swift */,
				AA000000000000000000010A /* ModelTests.swift */,
				AA000000000000000000010F /* ScheduleCalculatorTests.swift */,
				BB0000000000000000000111 /* NotificationServiceTests.swift */,
				CC0000000000000000000113 /* TaskExecutorTests.swift */,
				DD0000000000000000000115 /* SchedulerServiceTests.swift */,
			);
			path = MacTimerTests;
			sourceTree = "<group>";
		};
		AA00000000000000000000C3 /* MacTimerUITests */ = {
			isa = PBXGroup;
			children = (
				AA0000000000000000000106 /* MacTimerUITests.swift */,
			);
			path = MacTimerUITests;
			sourceTree = "<group>";
		};
		AA00000000000000000000C4 /* Products */ = {
			isa = PBXGroup;
			children = (
				AA00000000000000000000A1 /* MacTimer.app */,
				AA00000000000000000000A2 /* MacTimerTests.xctest */,
				AA00000000000000000000A3 /* MacTimerUITests.xctest */,
			);
			name = Products;
			sourceTree = "<group>";
		};
		AA00000000000000000000C5 /* Models */ = {
			isa = PBXGroup;
			children = (
				AA0000000000000000000108 /* TaskType.swift */,
				AA0000000000000000000109 /* Schedule.swift */,
				AA000000000000000000010C /* TaskItem+Extensions.swift */,
				AA000000000000000000010D /* ExecutionLogItem+Extensions.swift */,
			);
			path = Models;
			sourceTree = "<group>";
		};
		AA00000000000000000000C6 /* Persistence */ = {
			isa = PBXGroup;
			children = (
				AA000000000000000000010B /* PersistenceController.swift */,
			);
			path = Persistence;
			sourceTree = "<group>";
		};
		AA00000000000000000000C7 /* Services */ = {
			isa = PBXGroup;
			children = (
				AA000000000000000000010E /* ScheduleCalculator.swift */,
				BB0000000000000000000110 /* NotificationService.swift */,
				CC0000000000000000000112 /* TaskExecutor.swift */,
				DD0000000000000000000114 /* SchedulerService.swift */,
			);
			path = Services;
			sourceTree = "<group>";
		};
		EE000000000000000000AA01 /* UI */ = {
			isa = PBXGroup;
			children = (
				EE000000000000000000AA02 /* MenuBar */,
				FF00000000000000000000C1 /* MainWindow */,
			);
			path = UI;
			sourceTree = "<group>";
		};
		EE000000000000000000AA02 /* MenuBar */ = {
			isa = PBXGroup;
			children = (
				EE0000000000000000000116 /* MenuBarController.swift */,
				EE0000000000000000000117 /* MenuBarView.swift */,
			);
			path = MenuBar;
			sourceTree = "<group>";
		};
		FF00000000000000000000C1 /* MainWindow */ = {
			isa = PBXGroup;
			children = (
				FF00000000000000000000B1 /* MainWindowView.swift */,
				FF00000000000000000000B2 /* TaskListView.swift */,
			);
			path = MainWindow;
			sourceTree = "<group>";
		};
/* End PBXGroup section */

/* Begin PBXNativeTarget section */
		AA00000000000000000000D1 /* MacTimer */ = {
			isa = PBXNativeTarget;
			buildConfigurationList = AA00000000000000000000E1 /* Build configuration list for PBXNativeTarget "MacTimer" */;
			buildPhases = (
				AA00000000000000000000F1 /* Sources (App) */,
				AA00000000000000000000B1 /* Frameworks (App) */,
				AA00000000000000000000F4 /* Resources (App) */,
			);
			buildRules = (
			);
			dependencies = (
			);
			name = MacTimer;
			productName = MacTimer;
			productReference = AA00000000000000000000A1 /* MacTimer.app */;
			productType = "com.apple.product-type.application";
		};
		AA00000000000000000000D2 /* MacTimerTests */ = {
			isa = PBXNativeTarget;
			buildConfigurationList = AA00000000000000000000E2 /* Build configuration list for PBXNativeTarget "MacTimerTests" */;
			buildPhases = (
				AA00000000000000000000F2 /* Sources (Tests) */,
				AA00000000000000000000B2 /* Frameworks (Tests) */,
			);
			buildRules = (
			);
			dependencies = (
				AA000000000000000000AA01 /* PBXTargetDependency */,
			);
			name = MacTimerTests;
			productName = MacTimerTests;
			productReference = AA00000000000000000000A2 /* MacTimerTests.xctest */;
			productType = "com.apple.product-type.bundle.unit-test";
		};
		AA00000000000000000000D3 /* MacTimerUITests */ = {
			isa = PBXNativeTarget;
			buildConfigurationList = AA00000000000000000000E3 /* Build configuration list for PBXNativeTarget "MacTimerUITests" */;
			buildPhases = (
				AA00000000000000000000F3 /* Sources (UITests) */,
				AA00000000000000000000B3 /* Frameworks (UITests) */,
			);
			buildRules = (
			);
			dependencies = (
				AA000000000000000000AA02 /* PBXTargetDependency */,
			);
			name = MacTimerUITests;
			productName = MacTimerUITests;
			productReference = AA00000000000000000000A3 /* MacTimerUITests.xctest */;
			productType = "com.apple.product-type.bundle.ui-testing";
		};
/* End PBXNativeTarget section */

/* Begin PBXProject section */
		AA000000000000000000CC00 /* Project object */ = {
			isa = PBXProject;
			attributes = {
				BuildIndependentTargetsInParallel = 1;
				LastSwiftUpdateCheck = 1500;
				LastUpgradeCheck = 1500;
				TargetAttributes = {
					AA00000000000000000000D1 = {
						CreatedOnToolsVersion = 15.0;
					};
					AA00000000000000000000D2 = {
						CreatedOnToolsVersion = 15.0;
						TestTargetID = AA00000000000000000000D1;
					};
					AA00000000000000000000D3 = {
						CreatedOnToolsVersion = 15.0;
						TestTargetID = AA00000000000000000000D1;
					};
				};
			};
			buildConfigurationList = AA00000000000000000000E0 /* Build configuration list for PBXProject "MacTimer" */;
			compatibilityVersion = "Xcode 14.0";
			developmentRegion = en;
			hasScannedForEncodings = 0;
			knownRegions = (
				en,
				Base,
			);
			mainGroup = AA00000000000000000000C0;
			productRefGroup = AA00000000000000000000C4 /* Products */;
			projectDirPath = "";
			projectRoot = "";
			targets = (
				AA00000000000000000000D1 /* MacTimer */,
				AA00000000000000000000D2 /* MacTimerTests */,
				AA00000000000000000000D3 /* MacTimerUITests */,
			);
		};
/* End PBXProject section */

/* Begin PBXResourcesBuildPhase section */
		AA00000000000000000000F4 /* Resources (App) */ = {
			isa = PBXResourcesBuildPhase;
			buildActionMask = 2147483647;
			files = (
				AA0000000000000000000003 /* Assets.xcassets in Resources */,
			);
			runOnlyForDeploymentPostprocessing = 0;
		};
/* End PBXResourcesBuildPhase section */

/* Begin PBXSourcesBuildPhase section */
		AA00000000000000000000F1 /* Sources (App) */ = {
			isa = PBXSourcesBuildPhase;
			buildActionMask = 2147483647;
			files = (
				AA0000000000000000000001 /* MacTimerApp.swift in Sources */,
				AA0000000000000000000002 /* AppDelegate.swift in Sources */,
				AA0000000000000000000004 /* MacTimer.xcdatamodeld in Sources */,
				AA0000000000000000000007 /* TaskType.swift in Sources */,
				AA0000000000000000000008 /* Schedule.swift in Sources */,
				AA000000000000000000000B /* TaskItem+Extensions.swift in Sources */,
				AA000000000000000000000C /* ExecutionLogItem+Extensions.swift in Sources */,
				AA000000000000000000000A /* PersistenceController.swift in Sources */,
				AA000000000000000000000D /* ScheduleCalculator.swift in Sources */,
				BB000000000000000000000F /* NotificationService.swift in Sources */,
				CC0000000000000000000011 /* TaskExecutor.swift in Sources */,
				DD0000000000000000000013 /* SchedulerService.swift in Sources */,
				EE0000000000000000000015 /* MenuBarController.swift in Sources */,
				EE0000000000000000000016 /* MenuBarView.swift in Sources */,
				FF00000000000000000000A1 /* MainWindowView.swift in Sources */,
				FF00000000000000000000A2 /* TaskListView.swift in Sources */,
			);
			runOnlyForDeploymentPostprocessing = 0;
		};
		AA00000000000000000000F2 /* Sources (Tests) */ = {
			isa = PBXSourcesBuildPhase;
			buildActionMask = 2147483647;
			files = (
				AA0000000000000000000005 /* MacTimerTests.swift in Sources */,
				AA0000000000000000000009 /* ModelTests.swift in Sources */,
				AA000000000000000000000E /* ScheduleCalculatorTests.swift in Sources */,
				BB0000000000000000000010 /* NotificationServiceTests.swift in Sources */,
				CC0000000000000000000012 /* TaskExecutorTests.swift in Sources */,
				DD0000000000000000000014 /* SchedulerServiceTests.swift in Sources */,
			);
			runOnlyForDeploymentPostprocessing = 0;
		};
		AA00000000000000000000F3 /* Sources (UITests) */ = {
			isa = PBXSourcesBuildPhase;
			buildActionMask = 2147483647;
			files = (
				AA0000000000000000000006 /* MacTimerUITests.swift in Sources */,
			);
			runOnlyForDeploymentPostprocessing = 0;
		};
/* End PBXSourcesBuildPhase section */

/* Begin PBXTargetDependency section */
		AA000000000000000000AA01 /* PBXTargetDependency */ = {
			isa = PBXTargetDependency;
			target = AA00000000000000000000D1 /* MacTimer */;
			targetProxy = AA000000000000000000BB01 /* PBXContainerItemProxy */;
		};
		AA000000000000000000AA02 /* PBXTargetDependency */ = {
			isa = PBXTargetDependency;
			target = AA00000000000000000000D1 /* MacTimer */;
			targetProxy = AA000000000000000000BB02 /* PBXContainerItemProxy */;
		};
/* End PBXTargetDependency section */

/* Begin PBXContainerItemProxy section */
		AA000000000000000000BB01 /* PBXContainerItemProxy */ = {
			isa = PBXContainerItemProxy;
			containerPortal = AA000000000000000000CC00 /* Project object */;
			proxyType = 1;
			remoteGlobalIDString = AA00000000000000000000D1;
			remoteInfo = MacTimer;
		};
		AA000000000000000000BB02 /* PBXContainerItemProxy */ = {
			isa = PBXContainerItemProxy;
			containerPortal = AA000000000000000000CC00 /* Project object */;
			proxyType = 1;
			remoteGlobalIDString = AA00000000000000000000D1;
			remoteInfo = MacTimer;
		};
/* End PBXContainerItemProxy section */

/* Begin XCBuildConfiguration section */
		AA000000000000000000DD01 /* Debug (Project) */ = {
			isa = XCBuildConfiguration;
			buildSettings = {
				ALWAYS_SEARCH_USER_PATHS = NO;
				CLANG_ANALYZER_NONNULL = YES;
				CLANG_ANALYZER_NUMBER_OBJECT_CONVERSION = YES_AGGRESSIVE;
				CLANG_CXX_LANGUAGE_STANDARD = "gnu++20";
				CLANG_ENABLE_MODULES = YES;
				CLANG_ENABLE_OBJC_ARC = YES;
				CLANG_ENABLE_OBJC_WEAK = YES;
				CLANG_WARN_BLOCK_CAPTURE_AUTORELEASING = YES;
				CLANG_WARN_BOOL_CONVERSION = YES;
				CLANG_WARN_COMMA = YES;
				CLANG_WARN_CONSTANT_CONVERSION = YES;
				CLANG_WARN_DEPRECATED_OBJC_IMPLEMENTATIONS = YES;
				CLANG_WARN_DIRECT_OBJC_ISA_USAGE = YES_ERROR;
				CLANG_WARN_DOCUMENTATION_COMMENTS = YES;
				CLANG_WARN_EMPTY_BODY = YES;
				CLANG_WARN_ENUM_CONVERSION = YES;
				CLANG_WARN_INFINITE_RECURSION = YES;
				CLANG_WARN_INT_CONVERSION = YES;
				CLANG_WARN_NON_LITERAL_NULL_CONVERSION = YES;
				CLANG_WARN_OBJC_IMPLICIT_RETAIN_SELF = YES;
				CLANG_WARN_OBJC_LITERAL_CONVERSION = YES;
				CLANG_WARN_OBJC_ROOT_CLASS = YES_ERROR;
				CLANG_WARN_QUOTED_INCLUDE_IN_FRAMEWORK_HEADER = YES;
				CLANG_WARN_RANGE_LOOP_ANALYSIS = YES;
				CLANG_WARN_STRICT_PROTOTYPES = YES;
				CLANG_WARN_SUSPICIOUS_MOVE = YES;
				CLANG_WARN_UNGUARDED_AVAILABILITY = YES_AGGRESSIVE;
				CLANG_WARN_UNREACHABLE_CODE = YES;
				CLANG_WARN__DUPLICATE_METHOD_MATCH = YES;
				COPY_PHASE_STRIP = NO;
				DEBUG_INFORMATION_FORMAT = dwarf;
				ENABLE_STRICT_OBJC_MSGSEND = YES;
				ENABLE_TESTABILITY = YES;
				GCC_C_LANGUAGE_STANDARD = gnu17;
				GCC_DYNAMIC_NO_PIC = NO;
				GCC_NO_COMMON_BLOCKS = YES;
				GCC_OPTIMIZATION_LEVEL = 0;
				GCC_PREPROCESSOR_DEFINITIONS = (
					"DEBUG=1",
					"$(inherited)",
				);
				GCC_WARN_64_TO_32_BIT_CONVERSION = YES;
				GCC_WARN_ABOUT_RETURN_TYPE = YES_ERROR;
				GCC_WARN_UNDECLARED_SELECTOR = YES;
				GCC_WARN_UNINITIALIZED_AUTOS = YES_AGGRESSIVE;
				GCC_WARN_UNUSED_FUNCTION = YES;
				GCC_WARN_UNUSED_VARIABLE = YES;
				MACOSX_DEPLOYMENT_TARGET = 13.0;
				MTL_ENABLE_DEBUG_INFO = INCLUDE_SOURCE;
				MTL_FAST_MATH = YES;
				ONLY_ACTIVE_ARCH = YES;
				SDKROOT = macosx;
				SWIFT_ACTIVE_COMPILATION_CONDITIONS = DEBUG;
				SWIFT_OPTIMIZATION_LEVEL = "-Onone";
			};
			name = Debug;
		};
		AA000000000000000000DD02 /* Release (Project) */ = {
			isa = XCBuildConfiguration;
			buildSettings = {
				ALWAYS_SEARCH_USER_PATHS = NO;
				CLANG_ANALYZER_NONNULL = YES;
				CLANG_ANALYZER_NUMBER_OBJECT_CONVERSION = YES_AGGRESSIVE;
				CLANG_CXX_LANGUAGE_STANDARD = "gnu++20";
				CLANG_ENABLE_MODULES = YES;
				CLANG_ENABLE_OBJC_ARC = YES;
				CLANG_ENABLE_OBJC_WEAK = YES;
				CLANG_WARN_BLOCK_CAPTURE_AUTORELEASING = YES;
				CLANG_WARN_BOOL_CONVERSION = YES;
				CLANG_WARN_COMMA = YES;
				CLANG_WARN_CONSTANT_CONVERSION = YES;
				CLANG_WARN_DEPRECATED_OBJC_IMPLEMENTATIONS = YES;
				CLANG_WARN_DIRECT_OBJC_ISA_USAGE = YES_ERROR;
				CLANG_WARN_DOCUMENTATION_COMMENTS = YES;
				CLANG_WARN_EMPTY_BODY = YES;
				CLANG_WARN_ENUM_CONVERSION = YES;
				CLANG_WARN_INFINITE_RECURSION = YES;
				CLANG_WARN_INT_CONVERSION = YES;
				CLANG_WARN_NON_LITERAL_NULL_CONVERSION = YES;
				CLANG_WARN_OBJC_IMPLICIT_RETAIN_SELF = YES;
				CLANG_WARN_OBJC_LITERAL_CONVERSION = YES;
				CLANG_WARN_OBJC_ROOT_CLASS = YES_ERROR;
				CLANG_WARN_QUOTED_INCLUDE_IN_FRAMEWORK_HEADER = YES;
				CLANG_WARN_RANGE_LOOP_ANALYSIS = YES;
				CLANG_WARN_STRICT_PROTOTYPES = YES;
				CLANG_WARN_SUSPICIOUS_MOVE = YES;
				CLANG_WARN_UNGUARDED_AVAILABILITY = YES_AGGRESSIVE;
				CLANG_WARN_UNREACHABLE_CODE = YES;
				CLANG_WARN__DUPLICATE_METHOD_MATCH = YES;
				COPY_PHASE_STRIP = NO;
				DEBUG_INFORMATION_FORMAT = "dwarf-with-dsym";
				ENABLE_NS_ASSERTIONS = NO;
				ENABLE_STRICT_OBJC_MSGSEND = YES;
				GCC_C_LANGUAGE_STANDARD = gnu17;
				GCC_NO_COMMON_BLOCKS = YES;
				GCC_WARN_64_TO_32_BIT_CONVERSION = YES;
				GCC_WARN_ABOUT_RETURN_TYPE = YES_ERROR;
				GCC_WARN_UNDECLARED_SELECTOR = YES;
				GCC_WARN_UNINITIALIZED_AUTOS = YES_AGGRESSIVE;
				GCC_WARN_UNUSED_FUNCTION = YES;
				GCC_WARN_UNUSED_VARIABLE = YES;
				MACOSX_DEPLOYMENT_TARGET = 13.0;
				MTL_ENABLE_DEBUG_INFO = NO;
				MTL_FAST_MATH = YES;
				SDKROOT = macosx;
				SWIFT_COMPILATION_MODE = wholemodule;
				SWIFT_OPTIMIZATION_LEVEL = "-O";
			};
			name = Release;
		};
		AA000000000000000000EE01 /* Debug (MacTimer) */ = {
			isa = XCBuildConfiguration;
			buildSettings = {
				ASSETCATALOG_COMPILER_APPICON_NAME = AppIcon;
				ASSETCATALOG_COMPILER_GLOBAL_ACCENT_COLOR_NAME = AccentColor;
				CODE_SIGN_STYLE = Automatic;
				CODE_SIGNING_ALLOWED = NO;
				CODE_SIGNING_REQUIRED = NO;
				COMBINE_HIDPI_IMAGES = YES;
				CURRENT_PROJECT_VERSION = 1;
				DEVELOPMENT_TEAM = "";
				ENABLE_HARDENED_RUNTIME = NO;
				ENABLE_PREVIEWS = YES;
				GENERATE_INFOPLIST_FILE = NO;
				INFOPLIST_FILE = MacTimer/Info.plist;
				LD_RUNPATH_SEARCH_PATHS = (
					"$(inherited)",
					"@executable_path/../Frameworks",
				);
				MARKETING_VERSION = 1.0;
				PRODUCT_BUNDLE_IDENTIFIER = "com.mactimer.MacTimer";
				PRODUCT_NAME = "$(TARGET_NAME)";
				SUPPORTED_PLATFORMS = macosx;
				SUPPORTS_MACCATALYST = NO;
				SWIFT_EMIT_LOC_STRINGS = YES;
				SWIFT_VERSION = 5.0;
			};
			name = Debug;
		};
		AA000000000000000000EE02 /* Release (MacTimer) */ = {
			isa = XCBuildConfiguration;
			buildSettings = {
				ASSETCATALOG_COMPILER_APPICON_NAME = AppIcon;
				ASSETCATALOG_COMPILER_GLOBAL_ACCENT_COLOR_NAME = AccentColor;
				CODE_SIGN_STYLE = Automatic;
				CODE_SIGNING_ALLOWED = NO;
				CODE_SIGNING_REQUIRED = NO;
				COMBINE_HIDPI_IMAGES = YES;
				CURRENT_PROJECT_VERSION = 1;
				DEVELOPMENT_TEAM = "";
				ENABLE_HARDENED_RUNTIME = NO;
				ENABLE_PREVIEWS = YES;
				GENERATE_INFOPLIST_FILE = NO;
				INFOPLIST_FILE = MacTimer/Info.plist;
				LD_RUNPATH_SEARCH_PATHS = (
					"$(inherited)",
					"@executable_path/../Frameworks",
				);
				MARKETING_VERSION = 1.0;
				PRODUCT_BUNDLE_IDENTIFIER = "com.mactimer.MacTimer";
				PRODUCT_NAME = "$(TARGET_NAME)";
				SUPPORTED_PLATFORMS = macosx;
				SUPPORTS_MACCATALYST = NO;
				SWIFT_EMIT_LOC_STRINGS = YES;
				SWIFT_VERSION = 5.0;
			};
			name = Release;
		};
		AA000000000000000000FF01 /* Debug (MacTimerTests) */ = {
			isa = XCBuildConfiguration;
			buildSettings = {
				BUNDLE_LOADER = "$(TEST_HOST)";
				CODE_SIGN_STYLE = Automatic;
				CODE_SIGNING_ALLOWED = NO;
				CODE_SIGNING_REQUIRED = NO;
				CURRENT_PROJECT_VERSION = 1;
				DEVELOPMENT_TEAM = "";
				GENERATE_INFOPLIST_FILE = YES;
				MACOSX_DEPLOYMENT_TARGET = 13.0;
				MARKETING_VERSION = 1.0;
				PRODUCT_BUNDLE_IDENTIFIER = "com.mactimer.MacTimerTests";
				PRODUCT_NAME = "$(TARGET_NAME)";
				SUPPORTED_PLATFORMS = macosx;
				SWIFT_VERSION = 5.0;
				TEST_HOST = "$(BUILT_PRODUCTS_DIR)/MacTimer.app/Contents/MacOS/MacTimer";
			};
			name = Debug;
		};
		AA000000000000000000FF02 /* Release (MacTimerTests) */ = {
			isa = XCBuildConfiguration;
			buildSettings = {
				BUNDLE_LOADER = "$(TEST_HOST)";
				CODE_SIGN_STYLE = Automatic;
				CODE_SIGNING_ALLOWED = NO;
				CODE_SIGNING_REQUIRED = NO;
				CURRENT_PROJECT_VERSION = 1;
				DEVELOPMENT_TEAM = "";
				GENERATE_INFOPLIST_FILE = YES;
				MACOSX_DEPLOYMENT_TARGET = 13.0;
				MARKETING_VERSION = 1.0;
				PRODUCT_BUNDLE_IDENTIFIER = "com.mactimer.MacTimerTests";
				PRODUCT_NAME = "$(TARGET_NAME)";
				SUPPORTED_PLATFORMS = macosx;
				SWIFT_VERSION = 5.0;
				TEST_HOST = "$(BUILT_PRODUCTS_DIR)/MacTimer.app/Contents/MacOS/MacTimer";
			};
			name = Release;
		};
		AA000000000000000000EF01 /* Debug (MacTimerUITests) */ = {
			isa = XCBuildConfiguration;
			buildSettings = {
				CODE_SIGN_STYLE = Automatic;
				CODE_SIGNING_ALLOWED = NO;
				CODE_SIGNING_REQUIRED = NO;
				CURRENT_PROJECT_VERSION = 1;
				DEVELOPMENT_TEAM = "";
				GENERATE_INFOPLIST_FILE = YES;
				MACOSX_DEPLOYMENT_TARGET = 13.0;
				MARKETING_VERSION = 1.0;
				PRODUCT_BUNDLE_IDENTIFIER = "com.mactimer.MacTimerUITests";
				PRODUCT_NAME = "$(TARGET_NAME)";
				SUPPORTED_PLATFORMS = macosx;
				SWIFT_VERSION = 5.0;
				TEST_TARGET_NAME = MacTimer;
			};
			name = Debug;
		};
		AA000000000000000000EF02 /* Release (MacTimerUITests) */ = {
			isa = XCBuildConfiguration;
			buildSettings = {
				CODE_SIGN_STYLE = Automatic;
				CODE_SIGNING_ALLOWED = NO;
				CODE_SIGNING_REQUIRED = NO;
				CURRENT_PROJECT_VERSION = 1;
				DEVELOPMENT_TEAM = "";
				GENERATE_INFOPLIST_FILE = YES;
				MACOSX_DEPLOYMENT_TARGET = 13.0;
				MARKETING_VERSION = 1.0;
				PRODUCT_BUNDLE_IDENTIFIER = "com.mactimer.MacTimerUITests";
				PRODUCT_NAME = "$(TARGET_NAME)";
				SUPPORTED_PLATFORMS = macosx;
				SWIFT_VERSION = 5.0;
				TEST_TARGET_NAME = MacTimer;
			};
			name = Release;
		};
/* End XCBuildConfiguration section */

/* Begin XCConfigurationList section */
		AA00000000000000000000E0 /* Build configuration list for PBXProject "MacTimer" */ = {
			isa = XCConfigurationList;
			buildConfigurations = (
				AA000000000000000000DD01 /* Debug */,
				AA000000000000000000DD02 /* Release */,
			);
			defaultConfigurationIsVisible = 0;
			defaultConfigurationName = Release;
		};
		AA00000000000000000000E1 /* Build configuration list for PBXNativeTarget "MacTimer" */ = {
			isa = XCConfigurationList;
			buildConfigurations = (
				AA000000000000000000EE01 /* Debug */,
				AA000000000000000000EE02 /* Release */,
			);
			defaultConfigurationIsVisible = 0;
			defaultConfigurationName = Release;
		};
		AA00000000000000000000E2 /* Build configuration list for PBXNativeTarget "MacTimerTests" */ = {
			isa = XCConfigurationList;
			buildConfigurations = (
				AA000000000000000000FF01 /* Debug */,
				AA000000000000000000FF02 /* Release */,
			);
			defaultConfigurationIsVisible = 0;
			defaultConfigurationName = Release;
		};
		AA00000000000000000000E3 /* Build configuration list for PBXNativeTarget "MacTimerUITests" */ = {
			isa = XCConfigurationList;
			buildConfigurations = (
				AA000000000000000000EF01 /* Debug */,
				AA000000000000000000EF02 /* Release */,
			);
			defaultConfigurationIsVisible = 0;
			defaultConfigurationName = Release;
		};
/* End XCConfigurationList section */

	};
	rootObject = AA000000000000000000CC00 /* Project object */;
}
